{
  "name": "@gregiteen/ssss-cli",
  "version": "0.9.4",
  "lockfileVersion": 3,
  "requires": true,
  "packages": {
    "": {
      "name": "@gregiteen/ssss-cli",
      "version": "0.9.4",
      "license": "ISC",
      "bin": {
        "ssss": "scripts/ssss.mjs"
      },
      "engines": {
        "node": ">=18"
      }
    }
  }
}
